%{"cowboy": {:package, "1.0.0"},
  "cowlib": {:package, "1.0.0"},
  "excoveralls": {:package, "0.3.2"},
  "hackney": {:package, "0.13.1"},
  "httpoison": {:git, "git://github.com/edgurgel/httpoison.git", "b482fed56071c2989127990241911ebe9d0a646a", []},
  "idna": {:package, "1.0.1"},
  "jsex": {:package, "2.0.0"},
  "jsx": {:package, "2.0.4"},
  "plug": {:package, "0.6.0"},
  "ranch": {:package, "1.0.0"},
  "timex": {:package, "0.12.4"}}
